
Microsoft Visual Studio Solution File, Format Version 11.00
# Visual Studio Express 2010 for Windows Desktop
Project("{FAE04EC0-301F-11D3-BF4B-00C04F79EFBC}") = "GlobalsatDevicePlugin", "GlobalsatDevicePlugin.csproj", "{624A0F39-CE4C-4F50-923C-1BC9CA829AB6}"
EndProject
Global
	GlobalSection(SolutionConfigurationPlatforms) = preSolution
		ST3.0Debug|Any CPU = ST3.0Debug|Any CPU
		ST3.0Release|Any CPU = ST3.0Release|Any CPU
	EndGlobalSection
	GlobalSection(ProjectConfigurationPlatforms) = postSolution
		{624A0F39-CE4C-4F50-923C-1BC9CA829AB6}.ST3.0Debug|Any CPU.ActiveCfg = ST3.0Debug|Any CPU
		{624A0F39-CE4C-4F50-923C-1BC9CA829AB6}.ST3.0Debug|Any CPU.Build.0 = ST3.0Debug|Any CPU
		{624A0F39-CE4C-4F50-923C-1BC9CA829AB6}.ST3.0Release|Any CPU.ActiveCfg = ST3.0Release|Any CPU
		{624A0F39-CE4C-4F50-923C-1BC9CA829AB6}.ST3.0Release|Any CPU.Build.0 = ST3.0Release|Any CPU
	EndGlobalSection
	GlobalSection(SolutionProperties) = preSolution
		HideSolutionNode = FALSE
	EndGlobalSection
EndGlobal
